
Microsoft Visual Studio Solution File, Format Version 12.00
# Visual Studio Version 17
VisualStudioVersion = 17.8.34322.80
MinimumVisualStudioVersion = 10.0.40219.1
Project("{2150E333-8FDC-42A3-9474-1A3956D46DE8}") = "API", "API", "{741178D4-6346-459F-8D26-C3143B9B0076}"
EndProject
Project("{9A19103F-16F7-4668-BE54-9A1E7A4F7556}") = "EventReminder.API", "API\EventReminder.API\EventReminder.API.csproj", "{949695E1-2513-4D23-B514-9955EE900BF4}"
EndProject
Project("{2150E333-8FDC-42A3-9474-1A3956D46DE8}") = "Usecase", "Usecase", "{8A78A7B9-6B5E-48C2-A0BD-D15DC4D3DE0A}"
EndProject
Project("{9A19103F-16F7-4668-BE54-9A1E7A4F7556}") = "EventReminder.Usecase", "Usecase\EventReminder.Usecase\EventReminder.Usecase.csproj", "{A4844287-6055-45B1-B851-387B2AC4D7A0}"
EndProject
Project("{2150E333-8FDC-42A3-9474-1A3956D46DE8}") = "Domain", "Domain", "{63B29B9C-C09C-4856-81EC-284310970A23}"
EndProject
Project("{2150E333-8FDC-42A3-9474-1A3956D46DE8}") = "Infrastructure", "Infrastructure", "{8EC5D770-C1AF-4185-B18B-4B98D04DC7DB}"
EndProject
Project("{9A19103F-16F7-4668-BE54-9A1E7A4F7556}") = "EventReminder.Infrastructure", "Infrastructure\EventReminder.Infrastructure\EventReminder.Infrastructure.csproj", "{E148E014-3003-452B-BB21-B5D3A93C9633}"
EndProject
Project("{2150E333-8FDC-42A3-9474-1A3956D46DE8}") = "Shared", "Shared", "{39EBB13A-C2A6-4C12-92C7-03B5609938AF}"
EndProject
Project("{9A19103F-16F7-4668-BE54-9A1E7A4F7556}") = "EventReminder.SharedKernel", "Shared\EventReminder.SharedKernel\EventReminder.SharedKernel.csproj", "{FE204199-B210-4FA5-BA5B-5495E5BFBE64}"
EndProject
Project("{9A19103F-16F7-4668-BE54-9A1E7A4F7556}") = "EventReminder.Domain", "Domain\EventReminder.Domain\EventReminder.Domain.csproj", "{6A88635E-BB29-472F-8361-A54CF7A50AF4}"
EndProject
Project("{FAE04EC0-301F-11D3-BF4B-00C04F79EFBC}") = "EventReminder.Infrastructure.Persistence", "Infrastructure\EventReminder.Infrastructure.Persistence\EventReminder.Infrastructure.Persistence.csproj", "{B150F5B7-4A3D-44CF-92D1-789081C9D695}"
EndProject
Global
	GlobalSection(SolutionConfigurationPlatforms) = preSolution
		Debug|Any CPU = Debug|Any CPU
		Release|Any CPU = Release|Any CPU
	EndGlobalSection
	GlobalSection(ProjectConfigurationPlatforms) = postSolution
		{949695E1-2513-4D23-B514-9955EE900BF4}.Debug|Any CPU.ActiveCfg = Debug|Any CPU
		{949695E1-2513-4D23-B514-9955EE900BF4}.Debug|Any CPU.Build.0 = Debug|Any CPU
		{949695E1-2513-4D23-B514-9955EE900BF4}.Release|Any CPU.ActiveCfg = Release|Any CPU
		{949695E1-2513-4D23-B514-9955EE900BF4}.Release|Any CPU.Build.0 = Release|Any CPU
		{A4844287-6055-45B1-B851-387B2AC4D7A0}.Debug|Any CPU.ActiveCfg = Debug|Any CPU
		{A4844287-6055-45B1-B851-387B2AC4D7A0}.Debug|Any CPU.Build.0 = Debug|Any CPU
		{A4844287-6055-45B1-B851-387B2AC4D7A0}.Release|Any CPU.ActiveCfg = Release|Any CPU
		{A4844287-6055-45B1-B851-387B2AC4D7A0}.Release|Any CPU.Build.0 = Release|Any CPU
		{E148E014-3003-452B-BB21-B5D3A93C9633}.Debug|Any CPU.ActiveCfg = Debug|Any CPU
		{E148E014-3003-452B-BB21-B5D3A93C9633}.Debug|Any CPU.Build.0 = Debug|Any CPU
		{E148E014-3003-452B-BB21-B5D3A93C9633}.Release|Any CPU.ActiveCfg = Release|Any CPU
		{E148E014-3003-452B-BB21-B5D3A93C9633}.Release|Any CPU.Build.0 = Release|Any CPU
		{FE204199-B210-4FA5-BA5B-5495E5BFBE64}.Debug|Any CPU.ActiveCfg = Debug|Any CPU
		{FE204199-B210-4FA5-BA5B-5495E5BFBE64}.Debug|Any CPU.Build.0 = Debug|Any CPU
		{FE204199-B210-4FA5-BA5B-5495E5BFBE64}.Release|Any CPU.ActiveCfg = Release|Any CPU
		{FE204199-B210-4FA5-BA5B-5495E5BFBE64}.Release|Any CPU.Build.0 = Release|Any CPU
		{6A88635E-BB29-472F-8361-A54CF7A50AF4}.Debug|Any CPU.ActiveCfg = Debug|Any CPU
		{6A88635E-BB29-472F-8361-A54CF7A50AF4}.Debug|Any CPU.Build.0 = Debug|Any CPU
		{6A88635E-BB29-472F-8361-A54CF7A50AF4}.Release|Any CPU.ActiveCfg = Release|Any CPU
		{6A88635E-BB29-472F-8361-A54CF7A50AF4}.Release|Any CPU.Build.0 = Release|Any CPU
		{B150F5B7-4A3D-44CF-92D1-789081C9D695}.Debug|Any CPU.ActiveCfg = Debug|Any CPU
		{B150F5B7-4A3D-44CF-92D1-789081C9D695}.Debug|Any CPU.Build.0 = Debug|Any CPU
		{B150F5B7-4A3D-44CF-92D1-789081C9D695}.Release|Any CPU.ActiveCfg = Release|Any CPU
		{B150F5B7-4A3D-44CF-92D1-789081C9D695}.Release|Any CPU.Build.0 = Release|Any CPU
	EndGlobalSection
	GlobalSection(SolutionProperties) = preSolution
		HideSolutionNode = FALSE
	EndGlobalSection
	GlobalSection(NestedProjects) = preSolution
		{949695E1-2513-4D23-B514-9955EE900BF4} = {741178D4-6346-459F-8D26-C3143B9B0076}
		{A4844287-6055-45B1-B851-387B2AC4D7A0} = {8A78A7B9-6B5E-48C2-A0BD-D15DC4D3DE0A}
		{E148E014-3003-452B-BB21-B5D3A93C9633} = {8EC5D770-C1AF-4185-B18B-4B98D04DC7DB}
		{FE204199-B210-4FA5-BA5B-5495E5BFBE64} = {39EBB13A-C2A6-4C12-92C7-03B5609938AF}
		{6A88635E-BB29-472F-8361-A54CF7A50AF4} = {63B29B9C-C09C-4856-81EC-284310970A23}
		{B150F5B7-4A3D-44CF-92D1-789081C9D695} = {8EC5D770-C1AF-4185-B18B-4B98D04DC7DB}
	EndGlobalSection
	GlobalSection(ExtensibilityGlobals) = postSolution
		SolutionGuid = {A43C9C99-EFE7-49D3-97A8-8BCE231D1424}
	EndGlobalSection
EndGlobal
